
Microsoft Visual Studio Solution File, Format Version 12.00
# Visual Studio Version 18
VisualStudioVersion = 18.3.11520.95 d18.3
MinimumVisualStudioVersion = 10.0.40219.1
Project("{FAE04EC0-301F-11D3-BF4B-00C04F79EFBC}") = "ImageTool", "ImageTool.csproj", "{D7EBC75B-5CE0-392F-2E2B-00199C24CD0B}"
EndProject
Global
	GlobalSection(SolutionConfigurationPlatforms) = preSolution
		Debug|Any CPU = Debug|Any CPU
		Release|Any CPU = Release|Any CPU
	EndGlobalSection
	GlobalSection(ProjectConfigurationPlatforms) = postSolution
		{D7EBC75B-5CE0-392F-2E2B-00199C24CD0B}.Debug|Any CPU.ActiveCfg = Debug|Any CPU
		{D7EBC75B-5CE0-392F-2E2B-00199C24CD0B}.Debug|Any CPU.Build.0 = Debug|Any CPU
		{D7EBC75B-5CE0-392F-2E2B-00199C24CD0B}.Release|Any CPU.ActiveCfg = Release|Any CPU
		{D7EBC75B-5CE0-392F-2E2B-00199C24CD0B}.Release|Any CPU.Build.0 = Release|Any CPU
	EndGlobalSection
	GlobalSection(SolutionProperties) = preSolution
		HideSolutionNode = FALSE
	EndGlobalSection
	GlobalSection(ExtensibilityGlobals) = postSolution
		SolutionGuid = {C5B73802-2FE7-47AB-BC15-80DDD72F2643}
	EndGlobalSection
EndGlobal
